// !$*UTF8*$!
{
	archiveVersion = 1;
	classes = {
	};
	objectVersion = 50;
	objects = {

/* Begin PBXBuildFile section */
		5D8F3C0DFC8A8666A60D726A /* Pods_WeatherThereTests.framework in Frameworks */ = {isa = PBXBuildFile; fileRef = 7E36ED6ECE416EE1CFD08A04 /* Pods_WeatherThereTests.framework */; };
		9879DB89C34FA97D40855D9D /* Pods_WeatherThere.framework in Frameworks */ = {isa = PBXBuildFile; fileRef = 3BA8CF3BCB8AA489FBC17B84 /* Pods_WeatherThere.framework */; };
		9A1FEB1B21C9850F00A3E8D8 /* DialogServiceProtocol.swift in Sources */ = {isa = PBXBuildFile; fileRef = 9A1FEB1A21C9850F00A3E8D8 /* DialogServiceProtocol.swift */; };
		9A1FEB1D21C9854500A3E8D8 /* DialogService.swift in Sources */ = {isa = PBXBuildFile; fileRef = 9A1FEB1C21C9854500A3E8D8 /* DialogService.swift */; };
		9A1FEB2021C985BF00A3E8D8 /* Translations.swift in Sources */ = {isa = PBXBuildFile; fileRef = 9A1FEB1F21C985BF00A3E8D8 /* Translations.swift */; };
		9A1FEB2221C985E800A3E8D8 /* Localizable.strings in Resources */ = {isa = PBXBuildFile; fileRef = 9A1FEB2121C985E800A3E8D8 /* Localizable.strings */; };
		9A1FEB2521C9863200A3E8D8 /* StringExtension.swift in Sources */ = {isa = PBXBuildFile; fileRef = 9A1FEB2421C9863200A3E8D8 /* StringExtension.swift */; };
		9A1FEB2721C9866900A3E8D8 /* ControllerHelper.swift in Sources */ = {isa = PBXBuildFile; fileRef = 9A1FEB2621C9866900A3E8D8 /* ControllerHelper.swift */; };
		9A1FEB2921C9880400A3E8D8 /* Injector.swift in Sources */ = {isa = PBXBuildFile; fileRef = 9A1FEB2821C9880400A3E8D8 /* Injector.swift */; };
		9A816AEC21C84B6700ABD6E9 /* AppDelegate.swift in Sources */ = {isa = PBXBuildFile; fileRef = 9A816AEB21C84B6700ABD6E9 /* AppDelegate.swift */; };
		9A816AEE21C84B6700ABD6E9 /* ViewController.swift in Sources */ = {isa = PBXBuildFile; fileRef = 9A816AED21C84B6700ABD6E9 /* ViewController.swift */; };
		9A816AF121C84B6700ABD6E9 /* Main.storyboard in Resources */ = {isa = PBXBuildFile; fileRef = 9A816AEF21C84B6700ABD6E9 /* Main.storyboard */; };
		9A816AF321C84B6800ABD6E9 /* Assets.xcassets in Resources */ = {isa = PBXBuildFile; fileRef = 9A816AF221C84B6800ABD6E9 /* Assets.xcassets */; };
		9A816AF621C84B6800ABD6E9 /* LaunchScreen.storyboard in Resources */ = {isa = PBXBuildFile; fileRef = 9A816AF421C84B6800ABD6E9 /* LaunchScreen.storyboard */; };
		9A816B0121C84B6900ABD6E9 /* WeatherThereTests.swift in Sources */ = {isa = PBXBuildFile; fileRef = 9A816B0021C84B6900ABD6E9 /* WeatherThereTests.swift */; };
/* End PBXBuildFile section */

/* Begin PBXContainerItemProxy section */
		9A816AFD21C84B6800ABD6E9 /* PBXContainerItemProxy */ = {
			isa = PBXContainerItemProxy;
			containerPortal = 9A816AE021C84B6700ABD6E9 /* Project object */;
			proxyType = 1;
			remoteGlobalIDString = 9A816AE721C84B6700ABD6E9;
			remoteInfo = WeatherThere;
		};
/* End PBXContainerItemProxy section */

/* Begin PBXFileReference section */
		1871869230B61255B3B916B4 /* Pods-WeatherThere.release.xcconfig */ = {isa = PBXFileReference; includeInIndex = 1; lastKnownFileType = text.xcconfig; name = "Pods-WeatherThere.release.xcconfig"; path = "Pods/Target Support Files/Pods-WeatherThere/Pods-WeatherThere.release.xcconfig"; sourceTree = "<group>"; };
		3BA8CF3BCB8AA489FBC17B84 /* Pods_WeatherThere.framework */ = {isa = PBXFileReference; explicitFileType = wrapper.framework; includeInIndex = 0; path = Pods_WeatherThere.framework; sourceTree = BUILT_PRODUCTS_DIR; };
		53395AB4E67A5A1E70A8E61F /* Pods-WeatherThereTests.release.xcconfig */ = {isa = PBXFileReference; includeInIndex = 1; lastKnownFileType = text.xcconfig; name = "Pods-WeatherThereTests.release.xcconfig"; path = "Pods/Target Support Files/Pods-WeatherThereTests/Pods-WeatherThereTests.release.xcconfig"; sourceTree = "<group>"; };
		544CE0507FFE10A126D322EE /* Pods-WeatherThereTests.debug.xcconfig */ = {isa = PBXFileReference; includeInIndex = 1; lastKnownFileType = text.xcconfig; name = "Pods-WeatherThereTests.debug.xcconfig"; path = "Pods/Target Support Files/Pods-WeatherThereTests/Pods-WeatherThereTests.debug.xcconfig"; sourceTree = "<group>"; };
		57C381BC9A54CD08073AB6BD /* Pods-WeatherThere.debug.xcconfig */ = {isa = PBXFileReference; includeInIndex = 1; lastKnownFileType = text.xcconfig; name = "Pods-WeatherThere.debug.xcconfig"; path = "Pods/Target Support Files/Pods-WeatherThere/Pods-WeatherThere.debug.xcconfig"; sourceTree = "<group>"; };
		7E36ED6ECE416EE1CFD08A04 /* Pods_WeatherThereTests.framework */ = {isa = PBXFileReference; explicitFileType = wrapper.framework; includeInIndex = 0; path = Pods_WeatherThereTests.framework; sourceTree = BUILT_PRODUCTS_DIR; };
		9A1FEB1A21C9850F00A3E8D8 /* DialogServiceProtocol.swift */ = {isa = PBXFileReference; lastKnownFileType = sourcecode.swift; path = DialogServiceProtocol.swift; sourceTree = "<group>"; };
		9A1FEB1C21C9854500A3E8D8 /* DialogService.swift */ = {isa = PBXFileReference; lastKnownFileType = sourcecode.swift; path = DialogService.swift; sourceTree = "<group>"; };
		9A1FEB1F21C985BF00A3E8D8 /* Translations.swift */ = {isa = PBXFileReference; lastKnownFileType = sourcecode.swift; path = Translations.swift; sourceTree = "<group>"; };
		9A1FEB2121C985E800A3E8D8 /* Localizable.strings */ = {isa = PBXFileReference; lastKnownFileType = text.plist.strings; path = Localizable.strings; sourceTree = "<group>"; };
		9A1FEB2421C9863200A3E8D8 /* StringExtension.swift */ = {isa = PBXFileReference; lastKnownFileType = sourcecode.swift; path = StringExtension.swift; sourceTree = "<group>"; };
		9A1FEB2621C9866900A3E8D8 /* ControllerHelper.swift */ = {isa = PBXFileReference; lastKnownFileType = sourcecode.swift; path = ControllerHelper.swift; sourceTree = "<group>"; };
		9A1FEB2821C9880400A3E8D8 /* Injector.swift */ = {isa = PBXFileReference; lastKnownFileType = sourcecode.swift; path = Injector.swift; sourceTree = "<group>"; };
		9A816AE821C84B6700ABD6E9 /* WeatherThere.app */ = {isa = PBXFileReference; explicitFileType = wrapper.application; includeInIndex = 0; path = WeatherThere.app; sourceTree = BUILT_PRODUCTS_DIR; };
		9A816AEB21C84B6700ABD6E9 /* AppDelegate.swift */ = {isa = PBXFileReference; lastKnownFileType = sourcecode.swift; path = AppDelegate.swift; sourceTree = "<group>"; };
		9A816AED21C84B6700ABD6E9 /* ViewController.swift */ = {isa = PBXFileReference; lastKnownFileType = sourcecode.swift; path = ViewController.swift; sourceTree = "<group>"; };
		9A816AF021C84B6700ABD6E9 /* Base */ = {isa = PBXFileReference; lastKnownFileType = file.storyboard; name = Base; path = Base.lproj/Main.storyboard; sourceTree = "<group>"; };
		9A816AF221C84B6800ABD6E9 /* Assets.xcassets */ = {isa = PBXFileReference; lastKnownFileType = folder.assetcatalog; path = Assets.xcassets; sourceTree = "<group>"; };
		9A816AF521C84B6800ABD6E9 /* Base */ = {isa = PBXFileReference; lastKnownFileType = file.storyboard; name = Base; path = Base.lproj/LaunchScreen.storyboard; sourceTree = "<group>"; };
		9A816AF721C84B6800ABD6E9 /* Info.plist */ = {isa = PBXFileReference; lastKnownFileType = text.plist.xml; path = Info.plist; sourceTree = "<group>"; };
		9A816AFC21C84B6800ABD6E9 /* WeatherThereTests.xctest */ = {isa = PBXFileReference; explicitFileType = wrapper.cfbundle; includeInIndex = 0; path = WeatherThereTests.xctest; sourceTree = BUILT_PRODUCTS_DIR; };
		9A816B0021C84B6900ABD6E9 /* WeatherThereTests.swift */ = {isa = PBXFileReference; lastKnownFileType = sourcecode.swift; path = WeatherThereTests.swift; sourceTree = "<group>"; };
		9A816B0221C84B6900ABD6E9 /* Info.plist */ = {isa = PBXFileReference; lastKnownFileType = text.plist.xml; path = Info.plist; sourceTree = "<group>"; };
/* End PBXFileReference section */

/* Begin PBXFrameworksBuildPhase section */
		9A816AE521C84B6700ABD6E9 /* Frameworks */ = {
			isa = PBXFrameworksBuildPhase;
			buildActionMask = 2147483647;
			files = (
				9879DB89C34FA97D40855D9D /* Pods_WeatherThere.framework in Frameworks */,
			);
			runOnlyForDeploymentPostprocessing = 0;
		};
		9A816AF921C84B6800ABD6E9 /* Frameworks */ = {
			isa = PBXFrameworksBuildPhase;
			buildActionMask = 2147483647;
			files = (
				5D8F3C0DFC8A8666A60D726A /* Pods_WeatherThereTests.framework in Frameworks */,
			);
			runOnlyForDeploymentPostprocessing = 0;
		};
/* End PBXFrameworksBuildPhase section */

/* Begin PBXGroup section */
		2623C0C2F8E18DEB9F2915CC /* Frameworks */ = {
			isa = PBXGroup;
			children = (
				3BA8CF3BCB8AA489FBC17B84 /* Pods_WeatherThere.framework */,
				7E36ED6ECE416EE1CFD08A04 /* Pods_WeatherThereTests.framework */,
			);
			name = Frameworks;
			sourceTree = "<group>";
		};
		9A1FEB1721C9849500A3E8D8 /* Services */ = {
			isa = PBXGroup;
			children = (
				9A1FEB1921C984A800A3E8D8 /* Implementations */,
				9A1FEB1821C984A100A3E8D8 /* Protocols */,
			);
			path = Services;
			sourceTree = "<group>";
		};
		9A1FEB1821C984A100A3E8D8 /* Protocols */ = {
			isa = PBXGroup;
			children = (
				9A1FEB1A21C9850F00A3E8D8 /* DialogServiceProtocol.swift */,
			);
			path = Protocols;
			sourceTree = "<group>";
		};
		9A1FEB1921C984A800A3E8D8 /* Implementations */ = {
			isa = PBXGroup;
			children = (
				9A1FEB1C21C9854500A3E8D8 /* DialogService.swift */,
			);
			path = Implementations;
			sourceTree = "<group>";
		};
		9A1FEB1E21C9859600A3E8D8 /* Constants */ = {
			isa = PBXGroup;
			children = (
				9A1FEB1F21C985BF00A3E8D8 /* Translations.swift */,
				9A1FEB2121C985E800A3E8D8 /* Localizable.strings */,
			);
			path = Constants;
			sourceTree = "<group>";
		};
		9A1FEB2321C9861E00A3E8D8 /* Extensions */ = {
			isa = PBXGroup;
			children = (
				9A1FEB2421C9863200A3E8D8 /* StringExtension.swift */,
			);
			path = Extensions;
			sourceTree = "<group>";
		};
		9A816ADF21C84B6700ABD6E9 = {
			isa = PBXGroup;
			children = (
				9A816AEA21C84B6700ABD6E9 /* WeatherThere */,
				9A816AFF21C84B6900ABD6E9 /* WeatherThereTests */,
				9A816AE921C84B6700ABD6E9 /* Products */,
				E914CC801F6C537895763F6C /* Pods */,
				2623C0C2F8E18DEB9F2915CC /* Frameworks */,
			);
			sourceTree = "<group>";
		};
		9A816AE921C84B6700ABD6E9 /* Products */ = {
			isa = PBXGroup;
			children = (
				9A816AE821C84B6700ABD6E9 /* WeatherThere.app */,
				9A816AFC21C84B6800ABD6E9 /* WeatherThereTests.xctest */,
			);
			name = Products;
			sourceTree = "<group>";
		};
		9A816AEA21C84B6700ABD6E9 /* WeatherThere */ = {
			isa = PBXGroup;
			children = (
				9A1FEB2321C9861E00A3E8D8 /* Extensions */,
				9A1FEB1E21C9859600A3E8D8 /* Constants */,
				9A1FEB1721C9849500A3E8D8 /* Services */,
				9A816B0E21C9804A00ABD6E9 /* Helpers */,
				9A816B0D21C947C700ABD6E9 /* ViewModels */,
				9A816B0C21C947BF00ABD6E9 /* Models */,
				9A816B0B21C947AF00ABD6E9 /* Views */,
				9A816AEB21C84B6700ABD6E9 /* AppDelegate.swift */,
				9A816AF221C84B6800ABD6E9 /* Assets.xcassets */,
				9A816AF721C84B6800ABD6E9 /* Info.plist */,
				9A1FEB2821C9880400A3E8D8 /* Injector.swift */,
			);
			path = WeatherThere;
			sourceTree = "<group>";
		};
		9A816AFF21C84B6900ABD6E9 /* WeatherThereTests */ = {
			isa = PBXGroup;
			children = (
				9A816B0021C84B6900ABD6E9 /* WeatherThereTests.swift */,
				9A816B0221C84B6900ABD6E9 /* Info.plist */,
			);
			path = WeatherThereTests;
			sourceTree = "<group>";
		};
		9A816B0B21C947AF00ABD6E9 /* Views */ = {
			isa = PBXGroup;
			children = (
				9A816B0F21C9809800ABD6E9 /* Storyboards */,
				9A816AED21C84B6700ABD6E9 /* ViewController.swift */,
			);
			path = Views;
			sourceTree = "<group>";
		};
		9A816B0C21C947BF00ABD6E9 /* Models */ = {
			isa = PBXGroup;
			children = (
			);
			path = Models;
			sourceTree = "<group>";
		};
		9A816B0D21C947C700ABD6E9 /* ViewModels */ = {
			isa = PBXGroup;
			children = (
			);
			path = ViewModels;
			sourceTree = "<group>";
		};
		9A816B0E21C9804A00ABD6E9 /* Helpers */ = {
			isa = PBXGroup;
			children = (
				9A1FEB2621C9866900A3E8D8 /* ControllerHelper.swift */,
			);
			path = Helpers;
			sourceTree = "<group>";
		};
		9A816B0F21C9809800ABD6E9 /* Storyboards */ = {
			isa = PBXGroup;
			children = (
				9A816AF421C84B6800ABD6E9 /* LaunchScreen.storyboard */,
				9A816AEF21C84B6700ABD6E9 /* Main.storyboard */,
			);
			path = Storyboards;
			sourceTree = "<group>";
		};
		E914CC801F6C537895763F6C /* Pods */ = {
			isa = PBXGroup;
			children = (
				57C381BC9A54CD08073AB6BD /* Pods-WeatherThere.debug.xcconfig */,
				1871869230B61255B3B916B4 /* Pods-WeatherThere.release.xcconfig */,
				544CE0507FFE10A126D322EE /* Pods-WeatherThereTests.debug.xcconfig */,
				53395AB4E67A5A1E70A8E61F /* Pods-WeatherThereTests.release.xcconfig */,
			);
			name = Pods;
			sourceTree = "<group>";
		};
/* End PBXGroup section */

/* Begin PBXNativeTarget section */
		9A816AE721C84B6700ABD6E9 /* WeatherThere */ = {
			isa = PBXNativeTarget;
			buildConfigurationList = 9A816B0521C84B6900ABD6E9 /* Build configuration list for PBXNativeTarget "WeatherThere" */;
			buildPhases = (
				B8738A340A213D76EFB7C195 /* [CP] Check Pods Manifest.lock */,
				9A816AE421C84B6700ABD6E9 /* Sources */,
				9A816AE521C84B6700ABD6E9 /* Frameworks */,
				9A816AE621C84B6700ABD6E9 /* Resources */,
				B9CEAAB398BBEF148F6C78FB /* [CP] Embed Pods Frameworks */,
			);
			buildRules = (
			);
			dependencies = (
			);
			name = WeatherThere;
			productName = WeatherThere;
			productReference = 9A816AE821C84B6700ABD6E9 /* WeatherThere.app */;
			productType = "com.apple.product-type.application";
		};
		9A816AFB21C84B6800ABD6E9 /* WeatherThereTests */ = {
			isa = PBXNativeTarget;
			buildConfigurationList = 9A816B0821C84B6900ABD6E9 /* Build configuration list for PBXNativeTarget "WeatherThereTests" */;
			buildPhases = (
				A31ED6E7F9FD46B497C4CA09 /* [CP] Check Pods Manifest.lock */,
				9A816AF821C84B6800ABD6E9 /* Sources */,
				9A816AF921C84B6800ABD6E9 /* Frameworks */,
				9A816AFA21C84B6800ABD6E9 /* Resources */,
			);
			buildRules = (
			);
			dependencies = (
				9A816AFE21C84B6800ABD6E9 /* PBXTargetDependency */,
			);
			name = WeatherThereTests;
			productName = WeatherThereTests;
			productReference = 9A816AFC21C84B6800ABD6E9 /* WeatherThereTests.xctest */;
			productType = "com.apple.product-type.bundle.unit-test";
		};
/* End PBXNativeTarget section */

/* Begin PBXProject section */
		9A816AE021C84B6700ABD6E9 /* Project object */ = {
			isa = PBXProject;
			attributes = {
				LastSwiftUpdateCheck = 1010;
				LastUpgradeCheck = 1010;
				ORGANIZATIONNAME = "Robert Kuraj";
				TargetAttributes = {
					9A816AE721C84B6700ABD6E9 = {
						CreatedOnToolsVersion = 10.1;
					};
					9A816AFB21C84B6800ABD6E9 = {
						CreatedOnToolsVersion = 10.1;
						TestTargetID = 9A816AE721C84B6700ABD6E9;
					};
				};
			};
			buildConfigurationList = 9A816AE321C84B6700ABD6E9 /* Build configuration list for PBXProject "WeatherThere" */;
			compatibilityVersion = "Xcode 9.3";
			developmentRegion = en;
			hasScannedForEncodings = 0;
			knownRegions = (
				en,
				Base,
			);
			mainGroup = 9A816ADF21C84B6700ABD6E9;
			productRefGroup = 9A816AE921C84B6700ABD6E9 /* Products */;
			projectDirPath = "";
			projectRoot = "";
			targets = (
				9A816AE721C84B6700ABD6E9 /* WeatherThere */,
				9A816AFB21C84B6800ABD6E9 /* WeatherThereTests */,
			);
		};
/* End PBXProject section */

/* Begin PBXResourcesBuildPhase section */
		9A816AE621C84B6700ABD6E9 /* Resources */ = {
			isa = PBXResourcesBuildPhase;
			buildActionMask = 2147483647;
			files = (
				9A816AF621C84B6800ABD6E9 /* LaunchScreen.storyboard in Resources */,
				9A1FEB2221C985E800A3E8D8 /* Localizable.strings in Resources */,
				9A816AF321C84B6800ABD6E9 /* Assets.xcassets in Resources */,
				9A816AF121C84B6700ABD6E9 /* Main.storyboard in Resources */,
			);
			runOnlyForDeploymentPostprocessing = 0;
		};
		9A816AFA21C84B6800ABD6E9 /* Resources */ = {
			isa = PBXResourcesBuildPhase;
			buildActionMask = 2147483647;
			files = (
			);
			runOnlyForDeploymentPostprocessing = 0;
		};
/* End PBXResourcesBuildPhase section */

/* Begin PBXShellScriptBuildPhase section */
		A31ED6E7F9FD46B497C4CA09 /* [CP] Check Pods Manifest.lock */ = {
			isa = PBXShellScriptBuildPhase;
			buildActionMask = 2147483647;
			files = (
			);
			inputPaths = (
				"${PODS_PODFILE_DIR_PATH}/Podfile.lock",
				"${PODS_ROOT}/Manifest.lock",
			);
			name = "[CP] Check Pods Manifest.lock";
			outputPaths = (
				"$(DERIVED_FILE_DIR)/Pods-WeatherThereTests-checkManifestLockResult.txt",
			);
			runOnlyForDeploymentPostprocessing = 0;
			shellPath = /bin/sh;
			shellScript = "diff \"${PODS_PODFILE_DIR_PATH}/Podfile.lock\" \"${PODS_ROOT}/Manifest.lock\" > /dev/null\nif [ $? != 0 ] ; then\n    # print error to STDERR\n    echo \"error: The sandbox is not in sync with the Podfile.lock. Run 'pod install' or update your CocoaPods installation.\" >&2\n    exit 1\nfi\n# This output is used by Xcode 'outputs' to avoid re-running this script phase.\necho \"SUCCESS\" > \"${SCRIPT_OUTPUT_FILE_0}\"\n";
			showEnvVarsInLog = 0;
		};
		B8738A340A213D76EFB7C195 /* [CP] Check Pods Manifest.lock */ = {
			isa = PBXShellScriptBuildPhase;
			buildActionMask = 2147483647;
			files = (
			);
			inputPaths = (
				"${PODS_PODFILE_DIR_PATH}/Podfile.lock",
				"${PODS_ROOT}/Manifest.lock",
			);
			name = "[CP] Check Pods Manifest.lock";
			outputPaths = (
				"$(DERIVED_FILE_DIR)/Pods-WeatherThere-checkManifestLockResult.txt",
			);
			runOnlyForDeploymentPostprocessing = 0;
			shellPath = /bin/sh;
			shellScript = "diff \"${PODS_PODFILE_DIR_PATH}/Podfile.lock\" \"${PODS_ROOT}/Manifest.lock\" > /dev/null\nif [ $? != 0 ] ; then\n    # print error to STDERR\n    echo \"error: The sandbox is not in sync with the Podfile.lock. Run 'pod install' or update your CocoaPods installation.\" >&2\n    exit 1\nfi\n# This output is used by Xcode 'outputs' to avoid re-running this script phase.\necho \"SUCCESS\" > \"${SCRIPT_OUTPUT_FILE_0}\"\n";
			showEnvVarsInLog = 0;
		};
		B9CEAAB398BBEF148F6C78FB /* [CP] Embed Pods Frameworks */ = {
			isa = PBXShellScriptBuildPhase;
			buildActionMask = 2147483647;
			files = (
			);
			inputPaths = (
				"${SRCROOT}/Pods/Target Support Files/Pods-WeatherThere/Pods-WeatherThere-frameworks.sh",
				"${BUILT_PRODUCTS_DIR}/Alamofire/Alamofire.framework",
				"${BUILT_PRODUCTS_DIR}/MBProgressHUD/MBProgressHUD.framework",
				"${BUILT_PRODUCTS_DIR}/RxAlamofire/RxAlamofire.framework",
				"${BUILT_PRODUCTS_DIR}/RxCocoa/RxCocoa.framework",
				"${BUILT_PRODUCTS_DIR}/RxSwift/RxSwift.framework",
				"${BUILT_PRODUCTS_DIR}/Swinject/Swinject.framework",
			);
			name = "[CP] Embed Pods Frameworks";
			outputPaths = (
				"${TARGET_BUILD_DIR}/${FRAMEWORKS_FOLDER_PATH}/Alamofire.framework",
				"${TARGET_BUILD_DIR}/${FRAMEWORKS_FOLDER_PATH}/MBProgressHUD.framework",
				"${TARGET_BUILD_DIR}/${FRAMEWORKS_FOLDER_PATH}/RxAlamofire.framework",
				"${TARGET_BUILD_DIR}/${FRAMEWORKS_FOLDER_PATH}/RxCocoa.framework",
				"${TARGET_BUILD_DIR}/${FRAMEWORKS_FOLDER_PATH}/RxSwift.framework",
				"${TARGET_BUILD_DIR}/${FRAMEWORKS_FOLDER_PATH}/Swinject.framework",
			);
			runOnlyForDeploymentPostprocessing = 0;
			shellPath = /bin/sh;
			shellScript = "\"${SRCROOT}/Pods/Target Support Files/Pods-WeatherThere/Pods-WeatherThere-frameworks.sh\"\n";
			showEnvVarsInLog = 0;
		};
/* End PBXShellScriptBuildPhase section */

/* Begin PBXSourcesBuildPhase section */
		9A816AE421C84B6700ABD6E9 /* Sources */ = {
			isa = PBXSourcesBuildPhase;
			buildActionMask = 2147483647;
			files = (
				9A1FEB2721C9866900A3E8D8 /* ControllerHelper.swift in Sources */,
				9A816AEE21C84B6700ABD6E9 /* ViewController.swift in Sources */,
				9A1FEB2021C985BF00A3E8D8 /* Translations.swift in Sources */,
				9A1FEB2521C9863200A3E8D8 /* StringExtension.swift in Sources */,
				9A1FEB1B21C9850F00A3E8D8 /* DialogServiceProtocol.swift in Sources */,
				9A816AEC21C84B6700ABD6E9 /* AppDelegate.swift in Sources */,
				9A1FEB1D21C9854500A3E8D8 /* DialogService.swift in Sources */,
				9A1FEB2921C9880400A3E8D8 /* Injector.swift in Sources */,
			);
			runOnlyForDeploymentPostprocessing = 0;
		};
		9A816AF821C84B6800ABD6E9 /* Sources */ = {
			isa = PBXSourcesBuildPhase;
			buildActionMask = 2147483647;
			files = (
				9A816B0121C84B6900ABD6E9 /* WeatherThereTests.swift in Sources */,
			);
			runOnlyForDeploymentPostprocessing = 0;
		};
/* End PBXSourcesBuildPhase section */

/* Begin PBXTargetDependency section */
		9A816AFE21C84B6800ABD6E9 /* PBXTargetDependency */ = {
			isa = PBXTargetDependency;
			target = 9A816AE721C84B6700ABD6E9 /* WeatherThere */;
			targetProxy = 9A816AFD21C84B6800ABD6E9 /* PBXContainerItemProxy */;
		};
/* End PBXTargetDependency section */

/* Begin PBXVariantGroup section */
		9A816AEF21C84B6700ABD6E9 /* Main.storyboard */ = {
			isa = PBXVariantGroup;
			children = (
				9A816AF021C84B6700ABD6E9 /* Base */,
			);
			name = Main.storyboard;
			sourceTree = "<group>";
		};
		9A816AF421C84B6800ABD6E9 /* LaunchScreen.storyboard */ = {
			isa = PBXVariantGroup;
			children = (
				9A816AF521C84B6800ABD6E9 /* Base */,
			);
			name = LaunchScreen.storyboard;
			sourceTree = "<group>";
		};
/* End PBXVariantGroup section */

/* Begin XCBuildConfiguration section */
		9A816B0321C84B6900ABD6E9 /* Debug */ = {
			isa = XCBuildConfiguration;
			buildSettings = {
				ALWAYS_SEARCH_USER_PATHS = NO;
				CLANG_ANALYZER_NONNULL = YES;
				CLANG_ANALYZER_NUMBER_OBJECT_CONVERSION = YES_AGGRESSIVE;
				CLANG_CXX_LANGUAGE_STANDARD = "gnu++14";
				CLANG_CXX_LIBRARY = "libc++";
				CLANG_ENABLE_MODULES = YES;
				CLANG_ENABLE_OBJC_ARC = YES;
				CLANG_ENABLE_OBJC_WEAK = YES;
				CLANG_WARN_BLOCK_CAPTURE_AUTORELEASING = YES;
				CLANG_WARN_BOOL_CONVERSION = YES;
				CLANG_WARN_COMMA = YES;
				CLANG_WARN_CONSTANT_CONVERSION = YES;
				CLANG_WARN_DEPRECATED_OBJC_IMPLEMENTATIONS = YES;
				CLANG_WARN_DIRECT_OBJC_ISA_USAGE = YES_ERROR;
				CLANG_WARN_DOCUMENTATION_COMMENTS = YES;
				CLANG_WARN_EMPTY_BODY = YES;
				CLANG_WARN_ENUM_CONVERSION = YES;
				CLANG_WARN_INFINITE_RECURSION = YES;
				CLANG_WARN_INT_CONVERSION = YES;
				CLANG_WARN_NON_LITERAL_NULL_CONVERSION = YES;
				CLANG_WARN_OBJC_IMPLICIT_RETAIN_SELF = YES;
				CLANG_WARN_OBJC_LITERAL_CONVERSION = YES;
				CLANG_WARN_OBJC_ROOT_CLASS = YES_ERROR;
				CLANG_WARN_RANGE_LOOP_ANALYSIS = YES;
				CLANG_WARN_STRICT_PROTOTYPES = YES;
				CLANG_WARN_SUSPICIOUS_MOVE = YES;
				CLANG_WARN_UNGUARDED_AVAILABILITY = YES_AGGRESSIVE;
				CLANG_WARN_UNREACHABLE_CODE = YES;
				CLANG_WARN__DUPLICATE_METHOD_MATCH = YES;
				CODE_SIGN_IDENTITY = "iPhone Developer";
				COPY_PHASE_STRIP = NO;
				DEBUG_INFORMATION_FORMAT = dwarf;
				ENABLE_STRICT_OBJC_MSGSEND = YES;
				ENABLE_TESTABILITY = YES;
				GCC_C_LANGUAGE_STANDARD = gnu11;
				GCC_DYNAMIC_NO_PIC = NO;
				GCC_NO_COMMON_BLOCKS = YES;
				GCC_OPTIMIZATION_LEVEL = 0;
				GCC_PREPROCESSOR_DEFINITIONS = (
					"DEBUG=1",
					"$(inherited)",
				);
				GCC_WARN_64_TO_32_BIT_CONVERSION = YES;
				GCC_WARN_ABOUT_RETURN_TYPE = YES_ERROR;
				GCC_WARN_UNDECLARED_SELECTOR = YES;
				GCC_WARN_UNINITIALIZED_AUTOS = YES_AGGRESSIVE;
				GCC_WARN_UNUSED_FUNCTION = YES;
				GCC_WARN_UNUSED_VARIABLE = YES;
				IPHONEOS_DEPLOYMENT_TARGET = 12.1;
				MTL_ENABLE_DEBUG_INFO = INCLUDE_SOURCE;
				MTL_FAST_MATH = YES;
				ONLY_ACTIVE_ARCH = YES;
				SDKROOT = iphoneos;
				SWIFT_ACTIVE_COMPILATION_CONDITIONS = DEBUG;
				SWIFT_OPTIMIZATION_LEVEL = "-Onone";
			};
			name = Debug;
		};
		9A816B0421C84B6900ABD6E9 /* Release */ = {
			isa = XCBuildConfiguration;
			buildSettings = {
				ALWAYS_SEARCH_USER_PATHS = NO;
				CLANG_ANALYZER_NONNULL = YES;
				CLANG_ANALYZER_NUMBER_OBJECT_CONVERSION = YES_AGGRESSIVE;
				CLANG_CXX_LANGUAGE_STANDARD = "gnu++14";
				CLANG_CXX_LIBRARY = "libc++";
				CLANG_ENABLE_MODULES = YES;
				CLANG_ENABLE_OBJC_ARC = YES;
				CLANG_ENABLE_OBJC_WEAK = YES;
				CLANG_WARN_BLOCK_CAPTURE_AUTORELEASING = YES;
				CLANG_WARN_BOOL_CONVERSION = YES;
				CLANG_WARN_COMMA = YES;
				CLANG_WARN_CONSTANT_CONVERSION = YES;
				CLANG_WARN_DEPRECATED_OBJC_IMPLEMENTATIONS = YES;
				CLANG_WARN_DIRECT_OBJC_ISA_USAGE = YES_ERROR;
				CLANG_WARN_DOCUMENTATION_COMMENTS = YES;
				CLANG_WARN_EMPTY_BODY = YES;
				CLANG_WARN_ENUM_CONVERSION = YES;
				CLANG_WARN_INFINITE_RECURSION = YES;
				CLANG_WARN_INT_CONVERSION = YES;
				CLANG_WARN_NON_LITERAL_NULL_CONVERSION = YES;
				CLANG_WARN_OBJC_IMPLICIT_RETAIN_SELF = YES;
				CLANG_WARN_OBJC_LITERAL_CONVERSION = YES;
				CLANG_WARN_OBJC_ROOT_CLASS = YES_ERROR;
				CLANG_WARN_RANGE_LOOP_ANALYSIS = YES;
				CLANG_WARN_STRICT_PROTOTYPES = YES;
				CLANG_WARN_SUSPICIOUS_MOVE = YES;
				CLANG_WARN_UNGUARDED_AVAILABILITY = YES_AGGRESSIVE;
				CLANG_WARN_UNREACHABLE_CODE = YES;
				CLANG_WARN__DUPLICATE_METHOD_MATCH = YES;
				CODE_SIGN_IDENTITY = "iPhone Developer";
				COPY_PHASE_STRIP = NO;
				DEBUG_INFORMATION_FORMAT = "dwarf-with-dsym";
				ENABLE_NS_ASSERTIONS = NO;
				ENABLE_STRICT_OBJC_MSGSEND = YES;
				GCC_C_LANGUAGE_STANDARD = gnu11;
				GCC_NO_COMMON_BLOCKS = YES;
				GCC_WARN_64_TO_32_BIT_CONVERSION = YES;
				GCC_WARN_ABOUT_RETURN_TYPE = YES_ERROR;
				GCC_WARN_UNDECLARED_SELECTOR = YES;
				GCC_WARN_UNINITIALIZED_AUTOS = YES_AGGRESSIVE;
				GCC_WARN_UNUSED_FUNCTION = YES;
				GCC_WARN_UNUSED_VARIABLE = YES;
				IPHONEOS_DEPLOYMENT_TARGET = 12.1;
				MTL_ENABLE_DEBUG_INFO = NO;
				MTL_FAST_MATH = YES;
				SDKROOT = iphoneos;
				SWIFT_COMPILATION_MODE = wholemodule;
				SWIFT_OPTIMIZATION_LEVEL = "-O";
				VALIDATE_PRODUCT = YES;
			};
			name = Release;
		};
		9A816B0621C84B6900ABD6E9 /* Debug */ = {
			isa = XCBuildConfiguration;
			baseConfigurationReference = 57C381BC9A54CD08073AB6BD /* Pods-WeatherThere.debug.xcconfig */;
			buildSettings = {
				ASSETCATALOG_COMPILER_APPICON_NAME = AppIcon;
				CODE_SIGN_IDENTITY = "iPhone Developer";
				CODE_SIGN_STYLE = Automatic;
				DEVELOPMENT_TEAM = YZBZK7PS8D;
				INFOPLIST_FILE = WeatherThere/Info.plist;
				LD_RUNPATH_SEARCH_PATHS = (
					"$(inherited)",
					"@executable_path/Frameworks",
				);
				PRODUCT_BUNDLE_IDENTIFIER = rkuraj.WeatherThere;
				PRODUCT_NAME = "$(TARGET_NAME)";
				PROVISIONING_PROFILE_SPECIFIER = "";
				SWIFT_VERSION = 4.2;
				TARGETED_DEVICE_FAMILY = "1,2";
			};
			name = Debug;
		};
		9A816B0721C84B6900ABD6E9 /* Release */ = {
			isa = XCBuildConfiguration;
			baseConfigurationReference = 1871869230B61255B3B916B4 /* Pods-WeatherThere.release.xcconfig */;
			buildSettings = {
				ASSETCATALOG_COMPILER_APPICON_NAME = AppIcon;
				CODE_SIGN_IDENTITY = "iPhone Developer";
				CODE_SIGN_STYLE = Automatic;
				DEVELOPMENT_TEAM = YZBZK7PS8D;
				INFOPLIST_FILE = WeatherThere/Info.plist;
				LD_RUNPATH_SEARCH_PATHS = (
					"$(inherited)",
					"@executable_path/Frameworks",
				);
				PRODUCT_BUNDLE_IDENTIFIER = rkuraj.WeatherThere;
				PRODUCT_NAME = "$(TARGET_NAME)";
				PROVISIONING_PROFILE_SPECIFIER = "";
				SWIFT_VERSION = 4.2;
				TARGETED_DEVICE_FAMILY = "1,2";
			};
			name = Release;
		};
		9A816B0921C84B6900ABD6E9 /* Debug */ = {
			isa = XCBuildConfiguration;
			baseConfigurationReference = 544CE0507FFE10A126D322EE /* Pods-WeatherThereTests.debug.xcconfig */;
			buildSettings = {
				ALWAYS_EMBED_SWIFT_STANDARD_LIBRARIES = YES;
				BUNDLE_LOADER = "$(TEST_HOST)";
				CODE_SIGN_STYLE = Automatic;
				DEVELOPMENT_TEAM = YZBZK7PS8D;
				INFOPLIST_FILE = WeatherThereTests/Info.plist;
				LD_RUNPATH_SEARCH_PATHS = (
					"$(inherited)",
					"@executable_path/Frameworks",
					"@loader_path/Frameworks",
				);
				PRODUCT_BUNDLE_IDENTIFIER = rkuraj.WeatherThereTests;
				PRODUCT_NAME = "$(TARGET_NAME)";
				SWIFT_VERSION = 4.2;
				TARGETED_DEVICE_FAMILY = "1,2";
				TEST_HOST = "$(BUILT_PRODUCTS_DIR)/WeatherThere.app/WeatherThere";
			};
			name = Debug;
		};
		9A816B0A21C84B6900ABD6E9 /* Release */ = {
			isa = XCBuildConfiguration;
			baseConfigurationReference = 53395AB4E67A5A1E70A8E61F /* Pods-WeatherThereTests.release.xcconfig */;
			buildSettings = {
				ALWAYS_EMBED_SWIFT_STANDARD_LIBRARIES = YES;
				BUNDLE_LOADER = "$(TEST_HOST)";
				CODE_SIGN_STYLE = Automatic;
				DEVELOPMENT_TEAM = YZBZK7PS8D;
				INFOPLIST_FILE = WeatherThereTests/Info.plist;
				LD_RUNPATH_SEARCH_PATHS = (
					"$(inherited)",
					"@executable_path/Frameworks",
					"@loader_path/Frameworks",
				);
				PRODUCT_BUNDLE_IDENTIFIER = rkuraj.WeatherThereTests;
				PRODUCT_NAME = "$(TARGET_NAME)";
				SWIFT_VERSION = 4.2;
				TARGETED_DEVICE_FAMILY = "1,2";
				TEST_HOST = "$(BUILT_PRODUCTS_DIR)/WeatherThere.app/WeatherThere";
			};
			name = Release;
		};
/* End XCBuildConfiguration section */

/* Begin XCConfigurationList section */
		9A816AE321C84B6700ABD6E9 /* Build configuration list for PBXProject "WeatherThere" */ = {
			isa = XCConfigurationList;
			buildConfigurations = (
				9A816B0321C84B6900ABD6E9 /* Debug */,
				9A816B0421C84B6900ABD6E9 /* Release */,
			);
			defaultConfigurationIsVisible = 0;
			defaultConfigurationName = Release;
		};
		9A816B0521C84B6900ABD6E9 /* Build configuration list for PBXNativeTarget "WeatherThere" */ = {
			isa = XCConfigurationList;
			buildConfigurations = (
				9A816B0621C84B6900ABD6E9 /* Debug */,
				9A816B0721C84B6900ABD6E9 /* Release */,
			);
			defaultConfigurationIsVisible = 0;
			defaultConfigurationName = Release;
		};
		9A816B0821C84B6900ABD6E9 /* Build configuration list for PBXNativeTarget "WeatherThereTests" */ = {
			isa = XCConfigurationList;
			buildConfigurations = (
				9A816B0921C84B6900ABD6E9 /* Debug */,
				9A816B0A21C84B6900ABD6E9 /* Release */,
			);
			defaultConfigurationIsVisible = 0;
			defaultConfigurationName = Release;
		};
/* End XCConfigurationList section */
	};
	rootObject = 9A816AE021C84B6700ABD6E9 /* Project object */;
}
